
Microsoft Visual Studio Solution File, Format Version 12.00
# Visual Studio Version 17
VisualStudioVersion = 17.4.33122.133
MinimumVisualStudioVersion = 10.0.40219.1
Project("{FAE04EC0-301F-11D3-BF4B-00C04F79EFBC}") = "Vanilla Client", "Vanilla Client\Vanilla Client.csproj", "{12E7B3C7-EAD5-41A0-800C-9A05DFF47BE6}"
EndProject
Project("{2150E333-8FDC-42A3-9474-1A3956D46DE8}") = "Solution Items", "Solution Items", "{8BC69F2B-F2FF-4979-9D30-4FD0F4307533}"
	ProjectSection(SolutionItems) = preProject
		.editorconfig = .editorconfig
	EndProjectSection
EndProject
Global
	GlobalSection(SolutionConfigurationPlatforms) = preSolution
		Debug|Any CPU = Debug|Any CPU
		Debug|x64 = Debug|x64
		Release|Any CPU = Release|Any CPU
		Release|x64 = Release|x64
	EndGlobalSection
	GlobalSection(ProjectConfigurationPlatforms) = postSolution
		{12E7B3C7-EAD5-41A0-800C-9A05DFF47BE6}.Debug|Any CPU.ActiveCfg = Debug|Any CPU
		{12E7B3C7-EAD5-41A0-800C-9A05DFF47BE6}.Debug|Any CPU.Build.0 = Debug|Any CPU
		{12E7B3C7-EAD5-41A0-800C-9A05DFF47BE6}.Debug|x64.ActiveCfg = Debug|x64
		{12E7B3C7-EAD5-41A0-800C-9A05DFF47BE6}.Debug|x64.Build.0 = Debug|x64
		{12E7B3C7-EAD5-41A0-800C-9A05DFF47BE6}.Release|Any CPU.ActiveCfg = Release|Any CPU
		{12E7B3C7-EAD5-41A0-800C-9A05DFF47BE6}.Release|Any CPU.Build.0 = Release|Any CPU
		{12E7B3C7-EAD5-41A0-800C-9A05DFF47BE6}.Release|x64.ActiveCfg = Release|x64
		{12E7B3C7-EAD5-41A0-800C-9A05DFF47BE6}.Release|x64.Build.0 = Release|x64
	EndGlobalSection
	GlobalSection(SolutionProperties) = preSolution
		HideSolutionNode = FALSE
	EndGlobalSection
	GlobalSection(ExtensibilityGlobals) = postSolution
		SolutionGuid = {41A160D3-5B67-4B60-B81E-2A248ADD9CC9}
	EndGlobalSection
EndGlobal
